lockVersion: 2.0.0
id: 24af3da5-b73b-40c8-b6c6-2f1d72da4c3e
management:
  docChecksum: 5fa7e0c88f526d37d5ff49917d1c5693
  docVersion: v2023.10.0
  speakeasyVersion: 1.205.0
  generationVersion: 2.279.1
  releaseVersion: 0.1.0
  configChecksum: 680353eccb18d2d32b4eb8a878d2218f
  repoURL: https://github.com/speakeasy-sdks/speakeasy-bar-test-sample-sdk.git
  repoSubDirectory: .
  installationURL: https://github.com/speakeasy-sdks/speakeasy-bar-test-sample-sdk
features:
  php:
    core: 3.3.3
    globalSecurity: 2.81.5
    globalServerURLs: 2.82.1
    methodSecurity: 2.82.1
    nameOverrides: 2.81.1
generatedFiles:
  - src/SDKConfiguration.php
  - src/Authentication.php
  - src/Application.php
  - src/Field.php
  - src/Record.php
  - src/Step.php
  - src/WorkflowMap.php
  - src/Workflow.php
  - src/RiskCloudAPI.php
  - src/RiskCloudAPIBuilder.php
  - composer.json
  - phpstan.neon
  - rector.php
  - src/Utils/EnumHandler.php
  - src/Utils/FormMetadata.php
  - src/Utils/Headers.php
  - src/Utils/JSON.php
  - src/Utils/MixedJSONHandler.php
  - src/Utils/MultipartMetadata.php
  - src/Utils/ParamsMetadata.php
  - src/Utils/PathParameters.php
  - src/Utils/QueryParameters.php
  - src/Utils/RequestBodies.php
  - src/Utils/RequestMetadata.php
  - src/Utils/Security.php
  - src/Utils/SecurityClient.php
  - src/Utils/SecurityMetadata.php
  - src/Utils/SpeakeasyMetadata.php
  - src/Utils/Utils.php
  - src/Models/Operations/GetApiTokenSecurity.php
  - src/Models/Operations/GetApiTokenRequest.php
  - src/Models/Operations/GetApiTokenResponse.php
  - src/Models/Operations/CreateApplicationRequest.php
  - src/Models/Operations/CreateApplicationResponse.php
  - src/Models/Operations/DeleteApplicationRequest.php
  - src/Models/Operations/DeleteApplicationResponse.php
  - src/Models/Operations/ReadApplicationRequest.php
  - src/Models/Operations/ReadApplicationResponse.php
  - src/Models/Operations/ReadAllApplicationsRequest.php
  - src/Models/Operations/ReadAllApplicationsResponse.php
  - src/Models/Operations/Update1Request.php
  - src/Models/Operations/Update1Response.php
  - src/Models/Operations/FieldTypeFilter.php
  - src/Models/Operations/ReadAllFieldsRequest.php
  - src/Models/Operations/ReadAllFieldsResponse.php
  - src/Models/Operations/ReadAllRecordsRequest.php
  - src/Models/Operations/ReadAllRecordsResponse.php
  - src/Models/Operations/CreateStepRequest.php
  - src/Models/Operations/CreateStepResponse.php
  - src/Models/Operations/DeleteStepRequest.php
  - src/Models/Operations/DeleteStepResponse.php
  - src/Models/Operations/ReadStepRequest.php
  - src/Models/Operations/ReadStepResponse.php
  - src/Models/Operations/ReadAllStepsRequest.php
  - src/Models/Operations/ReadAllStepsResponse.php
  - src/Models/Operations/UpdateRequest.php
  - src/Models/Operations/UpdateResponse.php
  - src/Models/Operations/CreateWorkflowMapRequest.php
  - src/Models/Operations/CreateWorkflowMapResponse.php
  - src/Models/Operations/DeleteWorkflowMapRequest.php
  - src/Models/Operations/DeleteWorkflowMapResponse.php
  - src/Models/Operations/ReadWorkflowMapRequest.php
  - src/Models/Operations/ReadWorkflowMapResponse.php
  - src/Models/Operations/ReadAllWorkflowMapsRequest.php
  - src/Models/Operations/ReadAllWorkflowMapsResponse.php
  - src/Models/Operations/UpdateWorkflowMapRequest.php
  - src/Models/Operations/UpdateWorkflowMapResponse.php
  - src/Models/Operations/CreateWorkflowRequest.php
  - src/Models/Operations/CreateWorkflowResponse.php
  - src/Models/Operations/DeleteWorkflowRequest.php
  - src/Models/Operations/DeleteWorkflowResponse.php
  - src/Models/Operations/ReadWorkflowRequest.php
  - src/Models/Operations/ReadWorkflowResponse.php
  - src/Models/Operations/ReadAllWorkflowsRequest.php
  - src/Models/Operations/ReadAllWorkflowsResponse.php
  - src/Models/Operations/UpdateWorkflowRequest.php
  - src/Models/Operations/UpdateWorkflowResponse.php
  - src/Models/Components/LegacyApiTokenOut.php
  - src/Models/Components/ApplicationApiOutIcon.php
  - src/Models/Components/ApplicationApiOutType.php
  - src/Models/Components/ApplicationApiOut.php
  - src/Models/Components/Icon.php
  - src/Models/Components/Type.php
  - src/Models/Components/ApplicationApiCreateIn.php
  - src/Models/Components/AppActionResponse.php
  - src/Models/Components/PageModelOutApplicationApiOut.php
  - src/Models/Components/PageInfoOut.php
  - src/Models/Components/PageLinksOut.php
  - src/Models/Components/ApplicationApiUpdateInIcon.php
  - src/Models/Components/ApplicationApiUpdateInType.php
  - src/Models/Components/ApplicationApiUpdateIn.php
  - src/Models/Components/PageModelOutFieldApiOut.php
  - src/Models/Components/FieldType.php
  - src/Models/Components/ValueType.php
  - src/Models/Components/FieldApiOut.php
  - src/Models/Components/WorkflowPropertyApiOut.php
  - src/Models/Components/ValuePropertyApiOutType.php
  - src/Models/Components/ValuePropertyApiOut.php
  - src/Models/Components/ApplicationPropertyApiOutType.php
  - src/Models/Components/ApplicationPropertyApiOut.php
  - src/Models/Components/PageModelOutRecordApiOut.php
  - src/Models/Components/Status.php
  - src/Models/Components/RecordApiOut.php
  - src/Models/Components/StepPropertyApiOutType.php
  - src/Models/Components/StepPropertyApiOut.php
  - src/Models/Components/FieldRecordApiOutFieldType.php
  - src/Models/Components/FieldRecordApiOutValueType.php
  - src/Models/Components/FieldRecordApiOut.php
  - src/Models/Components/RecordDatesApiOut.php
  - src/Models/Components/UserPropertyApiOut.php
  - src/Models/Components/StepApiOutAssignableUserType.php
  - src/Models/Components/StepApiOutType.php
  - src/Models/Components/StepApiOut.php
  - src/Models/Components/AssignableUserType.php
  - src/Models/Components/StepApiCreateIn.php
  - src/Models/Components/PageModelOutStepApiOut.php
  - src/Models/Components/StepApiUpdateInAssignableUserType.php
  - src/Models/Components/StepApiUpdateInType.php
  - src/Models/Components/StepApiUpdateIn.php
  - src/Models/Components/WorkflowMapApiOutRelationship.php
  - src/Models/Components/WorkflowMapApiOut.php
  - src/Models/Components/Relationship.php
  - src/Models/Components/WorkflowMapApiCreateIn.php
  - src/Models/Components/PageModelOutWorkflowMapApiOut.php
  - src/Models/Components/WorkflowMapApiUpdateInRelationship.php
  - src/Models/Components/WorkflowMapApiUpdateIn.php
  - src/Models/Components/WorkflowApiOut.php
  - src/Models/Components/WorkflowApiCreateIn.php
  - src/Models/Components/PageModelOutWorkflowApiOut.php
  - src/Models/Components/WorkflowApiUpdateIn.php
  - src/Models/Components/Security.php
  - src/Models/Components/SchemeBasic.php
  - docs/Models/Operations/GetApiTokenSecurity.md
  - docs/Models/Operations/GetApiTokenRequest.md
  - docs/Models/Operations/GetApiTokenResponse.md
  - docs/Models/Operations/CreateApplicationRequest.md
  - docs/Models/Operations/CreateApplicationResponse.md
  - docs/Models/Operations/DeleteApplicationRequest.md
  - docs/Models/Operations/DeleteApplicationResponse.md
  - docs/Models/Operations/ReadApplicationRequest.md
  - docs/Models/Operations/ReadApplicationResponse.md
  - docs/Models/Operations/ReadAllApplicationsRequest.md
  - docs/Models/Operations/ReadAllApplicationsResponse.md
  - docs/Models/Operations/Update1Request.md
  - docs/Models/Operations/Update1Response.md
  - docs/Models/Operations/FieldTypeFilter.md
  - docs/Models/Operations/ReadAllFieldsRequest.md
  - docs/Models/Operations/ReadAllFieldsResponse.md
  - docs/Models/Operations/ReadAllRecordsRequest.md
  - docs/Models/Operations/ReadAllRecordsResponse.md
  - docs/Models/Operations/CreateStepRequest.md
  - docs/Models/Operations/CreateStepResponse.md
  - docs/Models/Operations/DeleteStepRequest.md
  - docs/Models/Operations/DeleteStepResponse.md
  - docs/Models/Operations/ReadStepRequest.md
  - docs/Models/Operations/ReadStepResponse.md
  - docs/Models/Operations/ReadAllStepsRequest.md
  - docs/Models/Operations/ReadAllStepsResponse.md
  - docs/Models/Operations/UpdateRequest.md
  - docs/Models/Operations/UpdateResponse.md
  - docs/Models/Operations/CreateWorkflowMapRequest.md
  - docs/Models/Operations/CreateWorkflowMapResponse.md
  - docs/Models/Operations/DeleteWorkflowMapRequest.md
  - docs/Models/Operations/DeleteWorkflowMapResponse.md
  - docs/Models/Operations/ReadWorkflowMapRequest.md
  - docs/Models/Operations/ReadWorkflowMapResponse.md
  - docs/Models/Operations/ReadAllWorkflowMapsRequest.md
  - docs/Models/Operations/ReadAllWorkflowMapsResponse.md
  - docs/Models/Operations/UpdateWorkflowMapRequest.md
  - docs/Models/Operations/UpdateWorkflowMapResponse.md
  - docs/Models/Operations/CreateWorkflowRequest.md
  - docs/Models/Operations/CreateWorkflowResponse.md
  - docs/Models/Operations/DeleteWorkflowRequest.md
  - docs/Models/Operations/DeleteWorkflowResponse.md
  - docs/Models/Operations/ReadWorkflowRequest.md
  - docs/Models/Operations/ReadWorkflowResponse.md
  - docs/Models/Operations/ReadAllWorkflowsRequest.md
  - docs/Models/Operations/ReadAllWorkflowsResponse.md
  - docs/Models/Operations/UpdateWorkflowRequest.md
  - docs/Models/Operations/UpdateWorkflowResponse.md
  - docs/Models/Components/LegacyApiTokenOut.md
  - docs/Models/Components/ApplicationApiOutIcon.md
  - docs/Models/Components/ApplicationApiOutType.md
  - docs/Models/Components/ApplicationApiOut.md
  - docs/Models/Components/Icon.md
  - docs/Models/Components/Type.md
  - docs/Models/Components/ApplicationApiCreateIn.md
  - docs/Models/Components/AppActionResponse.md
  - docs/Models/Components/PageModelOutApplicationApiOut.md
  - docs/Models/Components/PageInfoOut.md
  - docs/Models/Components/PageLinksOut.md
  - docs/Models/Components/ApplicationApiUpdateInIcon.md
  - docs/Models/Components/ApplicationApiUpdateInType.md
  - docs/Models/Components/ApplicationApiUpdateIn.md
  - docs/Models/Components/PageModelOutFieldApiOut.md
  - docs/Models/Components/FieldType.md
  - docs/Models/Components/ValueType.md
  - docs/Models/Components/FieldApiOut.md
  - docs/Models/Components/WorkflowPropertyApiOut.md
  - docs/Models/Components/ValuePropertyApiOutType.md
  - docs/Models/Components/ValuePropertyApiOut.md
  - docs/Models/Components/ApplicationPropertyApiOutType.md
  - docs/Models/Components/ApplicationPropertyApiOut.md
  - docs/Models/Components/PageModelOutRecordApiOut.md
  - docs/Models/Components/Status.md
  - docs/Models/Components/RecordApiOut.md
  - docs/Models/Components/StepPropertyApiOutType.md
  - docs/Models/Components/StepPropertyApiOut.md
  - docs/Models/Components/FieldRecordApiOutFieldType.md
  - docs/Models/Components/FieldRecordApiOutValueType.md
  - docs/Models/Components/FieldRecordApiOut.md
  - docs/Models/Components/RecordDatesApiOut.md
  - docs/Models/Components/UserPropertyApiOut.md
  - docs/Models/Components/StepApiOutAssignableUserType.md
  - docs/Models/Components/StepApiOutType.md
  - docs/Models/Components/StepApiOut.md
  - docs/Models/Components/AssignableUserType.md
  - docs/Models/Components/StepApiCreateIn.md
  - docs/Models/Components/PageModelOutStepApiOut.md
  - docs/Models/Components/StepApiUpdateInAssignableUserType.md
  - docs/Models/Components/StepApiUpdateInType.md
  - docs/Models/Components/StepApiUpdateIn.md
  - docs/Models/Components/WorkflowMapApiOutRelationship.md
  - docs/Models/Components/WorkflowMapApiOut.md
  - docs/Models/Components/Relationship.md
  - docs/Models/Components/WorkflowMapApiCreateIn.md
  - docs/Models/Components/PageModelOutWorkflowMapApiOut.md
  - docs/Models/Components/WorkflowMapApiUpdateInRelationship.md
  - docs/Models/Components/WorkflowMapApiUpdateIn.md
  - docs/Models/Components/WorkflowApiOut.md
  - docs/Models/Components/WorkflowApiCreateIn.md
  - docs/Models/Components/PageModelOutWorkflowApiOut.md
  - docs/Models/Components/WorkflowApiUpdateIn.md
  - docs/Models/Components/Security.md
  - docs/Models/Components/SchemeBasic.md
  - docs/sdks/riskcloudapi/README.md
  - docs/sdks/authentication/README.md
  - docs/sdks/application/README.md
  - docs/sdks/field/README.md
  - docs/sdks/record/README.md
  - docs/sdks/step/README.md
  - docs/sdks/workflowmap/README.md
  - docs/sdks/workflow/README.md
  - USAGE.md
  - .gitattributes
